
Microsoft Visual Studio Solution File, Format Version 12.00
# Visual Studio Version 16
VisualStudioVersion = 16.0.29613.14
MinimumVisualStudioVersion = 10.0.40219.1
Project("{FAE04EC0-301F-11D3-BF4B-00C04F79EFBC}") = "XamarinFormsBasics.Android", "XamarinFormsBasics.Android\XamarinFormsBasics.Android.csproj", "{ECB893AC-D7E1-4473-AED7-10BECDBFC945}"
EndProject
Project("{FAE04EC0-301F-11D3-BF4B-00C04F79EFBC}") = "XamarinFormsBasics", "XamarinFormsBasics\XamarinFormsBasics.csproj", "{D115BB25-A4C7-4F25-AC61-A4AA34363536}"
EndProject
Global
	GlobalSection(SolutionConfigurationPlatforms) = preSolution
		Debug|Any CPU = Debug|Any CPU
		Release|Any CPU = Release|Any CPU
	EndGlobalSection
	GlobalSection(ProjectConfigurationPlatforms) = postSolution
		{ECB893AC-D7E1-4473-AED7-10BECDBFC945}.Debug|Any CPU.ActiveCfg = Debug|Any CPU
		{ECB893AC-D7E1-4473-AED7-10BECDBFC945}.Debug|Any CPU.Build.0 = Debug|Any CPU
		{ECB893AC-D7E1-4473-AED7-10BECDBFC945}.Debug|Any CPU.Deploy.0 = Debug|Any CPU
		{ECB893AC-D7E1-4473-AED7-10BECDBFC945}.Release|Any CPU.ActiveCfg = Release|Any CPU
		{ECB893AC-D7E1-4473-AED7-10BECDBFC945}.Release|Any CPU.Build.0 = Release|Any CPU
		{ECB893AC-D7E1-4473-AED7-10BECDBFC945}.Release|Any CPU.Deploy.0 = Release|Any CPU
		{D115BB25-A4C7-4F25-AC61-A4AA34363536}.Debug|Any CPU.ActiveCfg = Debug|Any CPU
		{D115BB25-A4C7-4F25-AC61-A4AA34363536}.Debug|Any CPU.Build.0 = Debug|Any CPU
		{D115BB25-A4C7-4F25-AC61-A4AA34363536}.Debug|Any CPU.Deploy.0 = Debug|Any CPU
		{D115BB25-A4C7-4F25-AC61-A4AA34363536}.Release|Any CPU.ActiveCfg = Release|Any CPU
		{D115BB25-A4C7-4F25-AC61-A4AA34363536}.Release|Any CPU.Build.0 = Release|Any CPU
		{D115BB25-A4C7-4F25-AC61-A4AA34363536}.Release|Any CPU.Deploy.0 = Release|Any CPU
	EndGlobalSection
	GlobalSection(SolutionProperties) = preSolution
		HideSolutionNode = FALSE
	EndGlobalSection
	GlobalSection(ExtensibilityGlobals) = postSolution
		SolutionGuid = {609EF3FA-6A4E-4790-94CF-0CAEBF26455F}
	EndGlobalSection
EndGlobal
